// !$*UTF8*$!
{
	archiveVersion = 1;
	classes = {
	};
	objectVersion = 56;
	objects = {

/* Begin PBXBuildFile section */
		DE445C5E2C036BB2001B6D7C /* DocumentViewController.swift in Sources */ = {isa = PBXBuildFile; fileRef = DE445C5D2C036BB2001B6D7C /* DocumentViewController.swift */; };
		DE62EF042BFF430D00E6F95A /* RegisterIntent.swift in Sources */ = {isa = PBXBuildFile; fileRef = DE62EF032BFF430D00E6F95A /* RegisterIntent.swift */; };
		DE62EF072C00D9FD00E6F95A /* DocumentRemoteDataSource.swift in Sources */ = {isa = PBXBuildFile; fileRef = DE62EF062C00D9FD00E6F95A /* DocumentRemoteDataSource.swift */; };
		DE69024C2BC0A25500F16DDA /* AuthFlowCoordinator.swift in Sources */ = {isa = PBXBuildFile; fileRef = DE69024B2BC0A25500F16DDA /* AuthFlowCoordinator.swift */; };
		DE69024E2BC3152600F16DDA /* MainTableViewCell.swift in Sources */ = {isa = PBXBuildFile; fileRef = DE69024D2BC3152600F16DDA /* MainTableViewCell.swift */; };
		DE6902502BC3161100F16DDA /* MainScreenViewModel.swift in Sources */ = {isa = PBXBuildFile; fileRef = DE69024F2BC3161100F16DDA /* MainScreenViewModel.swift */; };
		DE6902522BC31FC300F16DDA /* Content.swift in Sources */ = {isa = PBXBuildFile; fileRef = DE6902512BC31FC300F16DDA /* Content.swift */; };
		DE83F24F2BCC952F005F0A0C /* Profile.swift in Sources */ = {isa = PBXBuildFile; fileRef = DE83F24E2BCC952F005F0A0C /* Profile.swift */; };
		DE83F2512BCD62BB005F0A0C /* TabBarViewController.swift in Sources */ = {isa = PBXBuildFile; fileRef = DE83F2502BCD62BB005F0A0C /* TabBarViewController.swift */; };
		DE910A3A2BD1D7EB00B3935E /* MainViewState.swift in Sources */ = {isa = PBXBuildFile; fileRef = DE910A392BD1D7EB00B3935E /* MainViewState.swift */; };
		DE910A3D2BD1DFAE00B3935E /* MainModuleBuider.swift in Sources */ = {isa = PBXBuildFile; fileRef = DE910A3C2BD1DFAE00B3935E /* MainModuleBuider.swift */; };
		DE910A3F2BD1E09C00B3935E /* MainViewIntent.swift in Sources */ = {isa = PBXBuildFile; fileRef = DE910A3E2BD1E09C00B3935E /* MainViewIntent.swift */; };
		DE910A412BD1E5B100B3935E /* ViewModelProtocol.swift in Sources */ = {isa = PBXBuildFile; fileRef = DE910A402BD1E5B100B3935E /* ViewModelProtocol.swift */; };
		DE910A442BD1F00C00B3935E /* EnumError.swift in Sources */ = {isa = PBXBuildFile; fileRef = DE910A432BD1F00C00B3935E /* EnumError.swift */; };
		DEACC10D2BE79E2E00402945 /* GoogleService-Info.plist in Resources */ = {isa = PBXBuildFile; fileRef = DEACC10C2BE79E2D00402945 /* GoogleService-Info.plist */; };
		DEACC1102BE7A60B00402945 /* FirebaseAuth in Frameworks */ = {isa = PBXBuildFile; productRef = DEACC10F2BE7A60B00402945 /* FirebaseAuth */; };
		DEACC1122BE7A60B00402945 /* FirebaseDatabase in Frameworks */ = {isa = PBXBuildFile; productRef = DEACC1112BE7A60B00402945 /* FirebaseDatabase */; };
		DEACC1142BE7A60B00402945 /* FirebaseDatabaseSwift in Frameworks */ = {isa = PBXBuildFile; productRef = DEACC1132BE7A60B00402945 /* FirebaseDatabaseSwift */; };
		DEACC1162BE7A60B00402945 /* FirebaseFirestore in Frameworks */ = {isa = PBXBuildFile; productRef = DEACC1152BE7A60B00402945 /* FirebaseFirestore */; };
		DEACC1182BE7C0BD00402945 /* AuthService.swift in Sources */ = {isa = PBXBuildFile; fileRef = DEACC1172BE7C0BD00402945 /* AuthService.swift */; };
		DEACC11B2BE7C27900402945 /* RegistrationModel.swift in Sources */ = {isa = PBXBuildFile; fileRef = DEACC11A2BE7C27900402945 /* RegistrationModel.swift */; };
		DEACC11D2BE7C62B00402945 /* AlertManager.swift in Sources */ = {isa = PBXBuildFile; fileRef = DEACC11C2BE7C62B00402945 /* AlertManager.swift */; };
		DEACC1202BE96E7500402945 /* RegisterViewState.swift in Sources */ = {isa = PBXBuildFile; fileRef = DEACC11F2BE96E7500402945 /* RegisterViewState.swift */; };
		DEACC1222BE974AA00402945 /* RegisterModelProtocol.swift in Sources */ = {isa = PBXBuildFile; fileRef = DEACC1212BE974AA00402945 /* RegisterModelProtocol.swift */; };
		DEACC1292BEABBC600402945 /* FavArticleViewController.swift in Sources */ = {isa = PBXBuildFile; fileRef = DEACC1282BEABBC600402945 /* FavArticleViewController.swift */; };
		DEACC12B2BEABBE100402945 /* CreateArticleViewController.swift in Sources */ = {isa = PBXBuildFile; fileRef = DEACC12A2BEABBE100402945 /* CreateArticleViewController.swift */; };
		DEACC1312BEAC19C00402945 /* DocumentView.swift in Sources */ = {isa = PBXBuildFile; fileRef = DEACC1302BEAC19C00402945 /* DocumentView.swift */; };
		DEACC1352BEAC63200402945 /* Article.swift in Sources */ = {isa = PBXBuildFile; fileRef = DEACC1342BEAC63100402945 /* Article.swift */; };
		DEACC1382BEB544400402945 /* Alamofire in Frameworks */ = {isa = PBXBuildFile; productRef = DEACC1372BEB544400402945 /* Alamofire */; };
		DEACC13A2BEB544400402945 /* AlamofireDynamic in Frameworks */ = {isa = PBXBuildFile; productRef = DEACC1392BEB544400402945 /* AlamofireDynamic */; };
		DED80E112BC941EF00526733 /* ProfileViewController.swift in Sources */ = {isa = PBXBuildFile; fileRef = DED80E102BC941EE00526733 /* ProfileViewController.swift */; };
		DED80E142BC9420E00526733 /* ProfileView.swift in Sources */ = {isa = PBXBuildFile; fileRef = DED80E132BC9420E00526733 /* ProfileView.swift */; };
		DED80E162BC9422800526733 /* ProfileTableViewCell.swift in Sources */ = {isa = PBXBuildFile; fileRef = DED80E152BC9422800526733 /* ProfileTableViewCell.swift */; };
		DED80E182BC9423F00526733 /* ProfileViewModel.swift in Sources */ = {isa = PBXBuildFile; fileRef = DED80E172BC9423F00526733 /* ProfileViewModel.swift */; };
		DEF356E02BA448A700FD27EC /* AppDelegate.swift in Sources */ = {isa = PBXBuildFile; fileRef = DEF356DF2BA448A700FD27EC /* AppDelegate.swift */; };
		DEF356E22BA448A700FD27EC /* SceneDelegate.swift in Sources */ = {isa = PBXBuildFile; fileRef = DEF356E12BA448A700FD27EC /* SceneDelegate.swift */; };
		DEF356E42BA448A700FD27EC /* LoginViewController.swift in Sources */ = {isa = PBXBuildFile; fileRef = DEF356E32BA448A700FD27EC /* LoginViewController.swift */; };
		DEF356E92BA448A900FD27EC /* Assets.xcassets in Resources */ = {isa = PBXBuildFile; fileRef = DEF356E82BA448A900FD27EC /* Assets.xcassets */; };
		DEF356EC2BA448A900FD27EC /* Base in Resources */ = {isa = PBXBuildFile; fileRef = DEF356EB2BA448A900FD27EC /* Base */; };
		DEF356F52BA4595700FD27EC /* swiftlint-2.yml in Resources */ = {isa = PBXBuildFile; fileRef = DEF356F42BA4595700FD27EC /* swiftlint-2.yml */; };
		DEF356FC2BA618F400FD27EC /* LoginViewModel.swift in Sources */ = {isa = PBXBuildFile; fileRef = DEF356FB2BA618F400FD27EC /* LoginViewModel.swift */; };
		DEF357012BA61BCA00FD27EC /* User.swift in Sources */ = {isa = PBXBuildFile; fileRef = DEF357002BA61BCA00FD27EC /* User.swift */; };
		DEF357032BA6214A00FD27EC /* LoginView.swift in Sources */ = {isa = PBXBuildFile; fileRef = DEF357022BA6214A00FD27EC /* LoginView.swift */; };
		DEF357072BA78ECA00FD27EC /* HomeDesignView.swift in Sources */ = {isa = PBXBuildFile; fileRef = DEF357062BA78ECA00FD27EC /* HomeDesignView.swift */; };
		DEF357092BA78EE700FD27EC /* HomeScreenViewController.swift in Sources */ = {isa = PBXBuildFile; fileRef = DEF357082BA78EE700FD27EC /* HomeScreenViewController.swift */; };
		DEF3570B2BA78EFD00FD27EC /* HomeScreenView.swift in Sources */ = {isa = PBXBuildFile; fileRef = DEF3570A2BA78EFD00FD27EC /* HomeScreenView.swift */; };
		DEF3570E2BAA117B00FD27EC /* RegistrationScreenView.swift in Sources */ = {isa = PBXBuildFile; fileRef = DEF3570D2BAA117B00FD27EC /* RegistrationScreenView.swift */; };
		DEF357102BAA119200FD27EC /* RegistrationScreenViewController.swift in Sources */ = {isa = PBXBuildFile; fileRef = DEF3570F2BAA119200FD27EC /* RegistrationScreenViewController.swift */; };
		DEF357182BACD5F700FD27EC /* MainScreenViewController.swift in Sources */ = {isa = PBXBuildFile; fileRef = DEF357172BACD5F700FD27EC /* MainScreenViewController.swift */; };
		DEF3571A2BACD60900FD27EC /* MainScreenView.swift in Sources */ = {isa = PBXBuildFile; fileRef = DEF357192BACD60900FD27EC /* MainScreenView.swift */; };
		DEF3571F2BACE82700FD27EC /* UserService.swift in Sources */ = {isa = PBXBuildFile; fileRef = DEF3571E2BACE82700FD27EC /* UserService.swift */; };
		F31BC182647B47C9DDAF7049 /* Pods_NavigateU.framework in Frameworks */ = {isa = PBXBuildFile; fileRef = 5148FBA7DF920FD03AFF84A8 /* Pods_NavigateU.framework */; };
/* End PBXBuildFile section */

/* Begin PBXFileReference section */
		5148FBA7DF920FD03AFF84A8 /* Pods_NavigateU.framework */ = {isa = PBXFileReference; explicitFileType = wrapper.framework; includeInIndex = 0; path = Pods_NavigateU.framework; sourceTree = BUILT_PRODUCTS_DIR; };
		91A9BE21E2BFB498F85D42B7 /* Pods-NavigateU.debug.xcconfig */ = {isa = PBXFileReference; includeInIndex = 1; lastKnownFileType = text.xcconfig; name = "Pods-NavigateU.debug.xcconfig"; path = "Target Support Files/Pods-NavigateU/Pods-NavigateU.debug.xcconfig"; sourceTree = "<group>"; };
		DE22C0122BBF558E00F84284 /* SnapKit.framework */ = {isa = PBXFileReference; explicitFileType = wrapper.framework; path = SnapKit.framework; sourceTree = BUILT_PRODUCTS_DIR; };
		DE445C5D2C036BB2001B6D7C /* DocumentViewController.swift */ = {isa = PBXFileReference; lastKnownFileType = sourcecode.swift; path = DocumentViewController.swift; sourceTree = "<group>"; };
		DE62EF032BFF430D00E6F95A /* RegisterIntent.swift */ = {isa = PBXFileReference; lastKnownFileType = sourcecode.swift; path = RegisterIntent.swift; sourceTree = "<group>"; };
		DE62EF062C00D9FD00E6F95A /* DocumentRemoteDataSource.swift */ = {isa = PBXFileReference; lastKnownFileType = sourcecode.swift; path = DocumentRemoteDataSource.swift; sourceTree = "<group>"; };
		DE69024B2BC0A25500F16DDA /* AuthFlowCoordinator.swift */ = {isa = PBXFileReference; lastKnownFileType = sourcecode.swift; path = AuthFlowCoordinator.swift; sourceTree = "<group>"; };
		DE69024D2BC3152600F16DDA /* MainTableViewCell.swift */ = {isa = PBXFileReference; lastKnownFileType = sourcecode.swift; path = MainTableViewCell.swift; sourceTree = "<group>"; };
		DE69024F2BC3161100F16DDA /* MainScreenViewModel.swift */ = {isa = PBXFileReference; lastKnownFileType = sourcecode.swift; path = MainScreenViewModel.swift; sourceTree = "<group>"; };
		DE6902512BC31FC300F16DDA /* Content.swift */ = {isa = PBXFileReference; lastKnownFileType = sourcecode.swift; path = Content.swift; sourceTree = "<group>"; };
		DE83F24E2BCC952F005F0A0C /* Profile.swift */ = {isa = PBXFileReference; lastKnownFileType = sourcecode.swift; path = Profile.swift; sourceTree = "<group>"; };
		DE83F2502BCD62BB005F0A0C /* TabBarViewController.swift */ = {isa = PBXFileReference; lastKnownFileType = sourcecode.swift; path = TabBarViewController.swift; sourceTree = "<group>"; };
		DE910A392BD1D7EB00B3935E /* MainViewState.swift */ = {isa = PBXFileReference; lastKnownFileType = sourcecode.swift; path = MainViewState.swift; sourceTree = "<group>"; };
		DE910A3C2BD1DFAE00B3935E /* MainModuleBuider.swift */ = {isa = PBXFileReference; lastKnownFileType = sourcecode.swift; path = MainModuleBuider.swift; sourceTree = "<group>"; };
		DE910A3E2BD1E09C00B3935E /* MainViewIntent.swift */ = {isa = PBXFileReference; lastKnownFileType = sourcecode.swift; path = MainViewIntent.swift; sourceTree = "<group>"; };
		DE910A402BD1E5B100B3935E /* ViewModelProtocol.swift */ = {isa = PBXFileReference; lastKnownFileType = sourcecode.swift; path = ViewModelProtocol.swift; sourceTree = "<group>"; };
		DE910A432BD1F00C00B3935E /* EnumError.swift */ = {isa = PBXFileReference; lastKnownFileType = sourcecode.swift; path = EnumError.swift; sourceTree = "<group>"; };
		DEACC10C2BE79E2D00402945 /* GoogleService-Info.plist */ = {isa = PBXFileReference; fileEncoding = 4; lastKnownFileType = text.plist.xml; name = "GoogleService-Info.plist"; path = "../../../Downloads/GoogleService-Info.plist"; sourceTree = "<group>"; };
		DEACC1172BE7C0BD00402945 /* AuthService.swift */ = {isa = PBXFileReference; lastKnownFileType = sourcecode.swift; path = AuthService.swift; sourceTree = "<group>"; };
		DEACC11A2BE7C27900402945 /* RegistrationModel.swift */ = {isa = PBXFileReference; lastKnownFileType = sourcecode.swift; path = RegistrationModel.swift; sourceTree = "<group>"; };
		DEACC11C2BE7C62B00402945 /* AlertManager.swift */ = {isa = PBXFileReference; lastKnownFileType = sourcecode.swift; path = AlertManager.swift; sourceTree = "<group>"; };
		DEACC11F2BE96E7500402945 /* RegisterViewState.swift */ = {isa = PBXFileReference; lastKnownFileType = sourcecode.swift; path = RegisterViewState.swift; sourceTree = "<group>"; };
		DEACC1212BE974AA00402945 /* RegisterModelProtocol.swift */ = {isa = PBXFileReference; lastKnownFileType = sourcecode.swift; path = RegisterModelProtocol.swift; sourceTree = "<group>"; };
		DEACC1282BEABBC600402945 /* FavArticleViewController.swift */ = {isa = PBXFileReference; lastKnownFileType = sourcecode.swift; path = FavArticleViewController.swift; sourceTree = "<group>"; };
		DEACC12A2BEABBE100402945 /* CreateArticleViewController.swift */ = {isa = PBXFileReference; lastKnownFileType = sourcecode.swift; path = CreateArticleViewController.swift; sourceTree = "<group>"; };
		DEACC1302BEAC19C00402945 /* DocumentView.swift */ = {isa = PBXFileReference; lastKnownFileType = sourcecode.swift; path = DocumentView.swift; sourceTree = "<group>"; };
		DEACC1342BEAC63100402945 /* Article.swift */ = {isa = PBXFileReference; lastKnownFileType = sourcecode.swift; path = Article.swift; sourceTree = "<group>"; };
		DED80E102BC941EE00526733 /* ProfileViewController.swift */ = {isa = PBXFileReference; lastKnownFileType = sourcecode.swift; path = ProfileViewController.swift; sourceTree = "<group>"; };
		DED80E132BC9420E00526733 /* ProfileView.swift */ = {isa = PBXFileReference; lastKnownFileType = sourcecode.swift; path = ProfileView.swift; sourceTree = "<group>"; };
		DED80E152BC9422800526733 /* ProfileTableViewCell.swift */ = {isa = PBXFileReference; lastKnownFileType = sourcecode.swift; path = ProfileTableViewCell.swift; sourceTree = "<group>"; };
		DED80E172BC9423F00526733 /* ProfileViewModel.swift */ = {isa = PBXFileReference; lastKnownFileType = sourcecode.swift; path = ProfileViewModel.swift; sourceTree = "<group>"; };
		DEF356DC2BA448A700FD27EC /* NavigateU.app */ = {isa = PBXFileReference; explicitFileType = wrapper.application; includeInIndex = 0; path = NavigateU.app; sourceTree = BUILT_PRODUCTS_DIR; };
		DEF356DF2BA448A700FD27EC /* AppDelegate.swift */ = {isa = PBXFileReference; lastKnownFileType = sourcecode.swift; path = AppDelegate.swift; sourceTree = "<group>"; };
		DEF356E12BA448A700FD27EC /* SceneDelegate.swift */ = {isa = PBXFileReference; lastKnownFileType = sourcecode.swift; path = SceneDelegate.swift; sourceTree = "<group>"; };
		DEF356E32BA448A700FD27EC /* LoginViewController.swift */ = {isa = PBXFileReference; lastKnownFileType = sourcecode.swift; path = LoginViewController.swift; sourceTree = "<group>"; };
		DEF356E82BA448A900FD27EC /* Assets.xcassets */ = {isa = PBXFileReference; lastKnownFileType = folder.assetcatalog; path = Assets.xcassets; sourceTree = "<group>"; };
		DEF356EB2BA448A900FD27EC /* Base */ = {isa = PBXFileReference; lastKnownFileType = file.storyboard; name = Base; path = Base.lproj/LaunchScreen.storyboard; sourceTree = "<group>"; };
		DEF356ED2BA448A900FD27EC /* Info.plist */ = {isa = PBXFileReference; lastKnownFileType = text.plist.xml; path = Info.plist; sourceTree = "<group>"; };
		DEF356F42BA4595700FD27EC /* swiftlint-2.yml */ = {isa = PBXFileReference; fileEncoding = 4; lastKnownFileType = text.yaml; path = "swiftlint-2.yml"; sourceTree = "<group>"; };
		DEF356FB2BA618F400FD27EC /* LoginViewModel.swift */ = {isa = PBXFileReference; lastKnownFileType = sourcecode.swift; path = LoginViewModel.swift; sourceTree = "<group>"; };
		DEF357002BA61BCA00FD27EC /* User.swift */ = {isa = PBXFileReference; lastKnownFileType = sourcecode.swift; path = User.swift; sourceTree = "<group>"; };
		DEF357022BA6214A00FD27EC /* LoginView.swift */ = {isa = PBXFileReference; lastKnownFileType = sourcecode.swift; path = LoginView.swift; sourceTree = "<group>"; };
		DEF357062BA78ECA00FD27EC /* HomeDesignView.swift */ = {isa = PBXFileReference; lastKnownFileType = sourcecode.swift; path = HomeDesignView.swift; sourceTree = "<group>"; };
		DEF357082BA78EE700FD27EC /* HomeScreenViewController.swift */ = {isa = PBXFileReference; lastKnownFileType = sourcecode.swift; path = HomeScreenViewController.swift; sourceTree = "<group>"; };
		DEF3570A2BA78EFD00FD27EC /* HomeScreenView.swift */ = {isa = PBXFileReference; lastKnownFileType = sourcecode.swift; path = HomeScreenView.swift; sourceTree = "<group>"; };
		DEF3570D2BAA117B00FD27EC /* RegistrationScreenView.swift */ = {isa = PBXFileReference; lastKnownFileType = sourcecode.swift; path = RegistrationScreenView.swift; sourceTree = "<group>"; };
		DEF3570F2BAA119200FD27EC /* RegistrationScreenViewController.swift */ = {isa = PBXFileReference; lastKnownFileType = sourcecode.swift; path = RegistrationScreenViewController.swift; sourceTree = "<group>"; };
		DEF357172BACD5F700FD27EC /* MainScreenViewController.swift */ = {isa = PBXFileReference; lastKnownFileType = sourcecode.swift; path = MainScreenViewController.swift; sourceTree = "<group>"; };
		DEF357192BACD60900FD27EC /* MainScreenView.swift */ = {isa = PBXFileReference; lastKnownFileType = sourcecode.swift; path = MainScreenView.swift; sourceTree = "<group>"; };
		DEF3571E2BACE82700FD27EC /* UserService.swift */ = {isa = PBXFileReference; lastKnownFileType = sourcecode.swift; path = UserService.swift; sourceTree = "<group>"; };
		E97002346D4B3FD5965E70A0 /* Pods-NavigateU.release.xcconfig */ = {isa = PBXFileReference; includeInIndex = 1; lastKnownFileType = text.xcconfig; name = "Pods-NavigateU.release.xcconfig"; path = "Target Support Files/Pods-NavigateU/Pods-NavigateU.release.xcconfig"; sourceTree = "<group>"; };
/* End PBXFileReference section */

/* Begin PBXFrameworksBuildPhase section */
		DEF356D92BA448A700FD27EC /* Frameworks */ = {
			isa = PBXFrameworksBuildPhase;
			buildActionMask = 2147483647;
			files = (
				DEACC1142BE7A60B00402945 /* FirebaseDatabaseSwift in Frameworks */,
				DEACC1122BE7A60B00402945 /* FirebaseDatabase in Frameworks */,
				F31BC182647B47C9DDAF7049 /* Pods_NavigateU.framework in Frameworks */,
				DEACC1382BEB544400402945 /* Alamofire in Frameworks */,
				DEACC13A2BEB544400402945 /* AlamofireDynamic in Frameworks */,
				DEACC1162BE7A60B00402945 /* FirebaseFirestore in Frameworks */,
				DEACC1102BE7A60B00402945 /* FirebaseAuth in Frameworks */,
			);
			runOnlyForDeploymentPostprocessing = 0;
		};
/* End PBXFrameworksBuildPhase section */

/* Begin PBXGroup section */
		6897664569B5A5395B53131F /* Frameworks */ = {
			isa = PBXGroup;
			children = (
				DE22C0122BBF558E00F84284 /* SnapKit.framework */,
				5148FBA7DF920FD03AFF84A8 /* Pods_NavigateU.framework */,
			);
			name = Frameworks;
			sourceTree = "<group>";
		};
		837A72B42A9720E1DB5BE8CC /* Pods */ = {
			isa = PBXGroup;
			children = (
				91A9BE21E2BFB498F85D42B7 /* Pods-NavigateU.debug.xcconfig */,
				E97002346D4B3FD5965E70A0 /* Pods-NavigateU.release.xcconfig */,
			);
			path = Pods;
			sourceTree = "<group>";
		};
		DE62EF052C00D5D200E6F95A /* DocumentRemote */ = {
			isa = PBXGroup;
			children = (
				DE62EF062C00D9FD00E6F95A /* DocumentRemoteDataSource.swift */,
			);
			path = DocumentRemote;
			sourceTree = "<group>";
		};
		DE69024A2BC0A23700F16DDA /* Coordinator */ = {
			isa = PBXGroup;
			children = (
				DE69024B2BC0A25500F16DDA /* AuthFlowCoordinator.swift */,
				DE83F2502BCD62BB005F0A0C /* TabBarViewController.swift */,
			);
			path = Coordinator;
			sourceTree = "<group>";
		};
		DE910A382BD1D76C00B3935E /* Bindings */ = {
			isa = PBXGroup;
			children = (
				DE910A392BD1D7EB00B3935E /* MainViewState.swift */,
				DE910A3E2BD1E09C00B3935E /* MainViewIntent.swift */,
			);
			path = Bindings;
			sourceTree = "<group>";
		};
		DE910A3B2BD1DF6600B3935E /* ViewModel */ = {
			isa = PBXGroup;
			children = (
				DEF356FB2BA618F400FD27EC /* LoginViewModel.swift */,
				DE910A382BD1D76C00B3935E /* Bindings */,
				DE910A402BD1E5B100B3935E /* ViewModelProtocol.swift */,
			);
			path = ViewModel;
			sourceTree = "<group>";
		};
		DE910A422BD1EFFF00B3935E /* Error */ = {
			isa = PBXGroup;
			children = (
				DE910A432BD1F00C00B3935E /* EnumError.swift */,
			);
			path = Error;
			sourceTree = "<group>";
		};
		DE910A472BE1367100B3935E /* DocumentScreen */ = {
			isa = PBXGroup;
			children = (
				DEACC1302BEAC19C00402945 /* DocumentView.swift */,
				DE445C5D2C036BB2001B6D7C /* DocumentViewController.swift */,
			);
			path = DocumentScreen;
			sourceTree = "<group>";
		};
		DEACC1192BE7C1B800402945 /* Views */ = {
			isa = PBXGroup;
			children = (
				DEF3570F2BAA119200FD27EC /* RegistrationScreenViewController.swift */,
				DEF3570D2BAA117B00FD27EC /* RegistrationScreenView.swift */,
			);
			path = Views;
			sourceTree = "<group>";
		};
		DEACC11E2BE96E5C00402945 /* Bindings */ = {
			isa = PBXGroup;
			children = (
				DEACC11F2BE96E7500402945 /* RegisterViewState.swift */,
				DE62EF032BFF430D00E6F95A /* RegisterIntent.swift */,
			);
			path = Bindings;
			sourceTree = "<group>";
		};
		DEACC1262BEABB8100402945 /* CreateArticleScreen */ = {
			isa = PBXGroup;
			children = (
				DEACC12A2BEABBE100402945 /* CreateArticleViewController.swift */,
			);
			path = CreateArticleScreen;
			sourceTree = "<group>";
		};
		DEACC1272BEABB9C00402945 /* FavArticleScreen */ = {
			isa = PBXGroup;
			children = (
				DEACC1282BEABBC600402945 /* FavArticleViewController.swift */,
			);
			path = FavArticleScreen;
			sourceTree = "<group>";
		};
		DEC0A9802BEEFB57004EFA6E /* MainCell */ = {
			isa = PBXGroup;
			children = (
				DE910A472BE1367100B3935E /* DocumentScreen */,
			);
			path = MainCell;
			sourceTree = "<group>";
		};
		DEC4A3062BC5F95B007A582E /* Views */ = {
			isa = PBXGroup;
			children = (
				DE69024D2BC3152600F16DDA /* MainTableViewCell.swift */,
				DEF357192BACD60900FD27EC /* MainScreenView.swift */,
				DEF357172BACD5F700FD27EC /* MainScreenViewController.swift */,
			);
			path = Views;
			sourceTree = "<group>";
		};
		DEC4A3072BC5F979007A582E /* Views */ = {
			isa = PBXGroup;
			children = (
				DEF357022BA6214A00FD27EC /* LoginView.swift */,
				DEF356E32BA448A700FD27EC /* LoginViewController.swift */,
				DE910A3C2BD1DFAE00B3935E /* MainModuleBuider.swift */,
			);
			path = Views;
			sourceTree = "<group>";
		};
		DEC4A3082BC61233007A582E /* Views */ = {
			isa = PBXGroup;
			children = (
				DEF357082BA78EE700FD27EC /* HomeScreenViewController.swift */,
				DEF3570A2BA78EFD00FD27EC /* HomeScreenView.swift */,
				DEF357062BA78ECA00FD27EC /* HomeDesignView.swift */,
			);
			path = Views;
			sourceTree = "<group>";
		};
		DED80E0F2BC9419A00526733 /* ProfileScreen */ = {
			isa = PBXGroup;
			children = (
				DED80E122BC941F200526733 /* Views */,
				DED80E172BC9423F00526733 /* ProfileViewModel.swift */,
			);
			path = ProfileScreen;
			sourceTree = "<group>";
		};
		DED80E122BC941F200526733 /* Views */ = {
			isa = PBXGroup;
			children = (
				DED80E102BC941EE00526733 /* ProfileViewController.swift */,
				DED80E132BC9420E00526733 /* ProfileView.swift */,
				DED80E152BC9422800526733 /* ProfileTableViewCell.swift */,
			);
			path = Views;
			sourceTree = "<group>";
		};
		DEF356D32BA448A700FD27EC = {
			isa = PBXGroup;
			children = (
				DEACC10C2BE79E2D00402945 /* GoogleService-Info.plist */,
				DEF356DE2BA448A700FD27EC /* NavigateU */,
				DEF356DD2BA448A700FD27EC /* Products */,
				837A72B42A9720E1DB5BE8CC /* Pods */,
				6897664569B5A5395B53131F /* Frameworks */,
			);
			sourceTree = "<group>";
		};
		DEF356DD2BA448A700FD27EC /* Products */ = {
			isa = PBXGroup;
			children = (
				DEF356DC2BA448A700FD27EC /* NavigateU.app */,
			);
			name = Products;
			sourceTree = "<group>";
		};
		DEF356DE2BA448A700FD27EC /* NavigateU */ = {
			isa = PBXGroup;
			children = (
				DE62EF052C00D5D200E6F95A /* DocumentRemote */,
				DEACC1272BEABB9C00402945 /* FavArticleScreen */,
				DEACC1262BEABB8100402945 /* CreateArticleScreen */,
				DE910A422BD1EFFF00B3935E /* Error */,
				DE69024A2BC0A23700F16DDA /* Coordinator */,
				DEF357162BACD58300FD27EC /* LifeCycle */,
				DEF357042BA78E6400FD27EC /* HomeScreen */,
				DEF357052BA78E6E00FD27EC /* RegistrationScreen */,
				DEF356F62BA617A400FD27EC /* LoginScreen */,
				DEF3570C2BAA114C00FD27EC /* MainScreen */,
				DEC0A9802BEEFB57004EFA6E /* MainCell */,
				DED80E0F2BC9419A00526733 /* ProfileScreen */,
				DEF3571B2BACE7D800FD27EC /* UserService */,
				DEF356FF2BA61BB100FD27EC /* Model */,
				DEF356E82BA448A900FD27EC /* Assets.xcassets */,
				DEF356EA2BA448A900FD27EC /* LaunchScreen.storyboard */,
				DEF356ED2BA448A900FD27EC /* Info.plist */,
			);
			path = NavigateU;
			sourceTree = "<group>";
		};
		DEF356F62BA617A400FD27EC /* LoginScreen */ = {
			isa = PBXGroup;
			children = (
				DE910A3B2BD1DF6600B3935E /* ViewModel */,
				DEC4A3072BC5F979007A582E /* Views */,
			);
			path = LoginScreen;
			sourceTree = "<group>";
		};
		DEF356FF2BA61BB100FD27EC /* Model */ = {
			isa = PBXGroup;
			children = (
				DE6902512BC31FC300F16DDA /* Content.swift */,
				DEF357002BA61BCA00FD27EC /* User.swift */,
				DE83F24E2BCC952F005F0A0C /* Profile.swift */,
				DEACC1342BEAC63100402945 /* Article.swift */,
			);
			path = Model;
			sourceTree = "<group>";
		};
		DEF357042BA78E6400FD27EC /* HomeScreen */ = {
			isa = PBXGroup;
			children = (
				DEC4A3082BC61233007A582E /* Views */,
			);
			path = HomeScreen;
			sourceTree = "<group>";
		};
		DEF357052BA78E6E00FD27EC /* RegistrationScreen */ = {
			isa = PBXGroup;
			children = (
				DEACC11E2BE96E5C00402945 /* Bindings */,
				DEACC1192BE7C1B800402945 /* Views */,
				DEACC11A2BE7C27900402945 /* RegistrationModel.swift */,
				DEACC1212BE974AA00402945 /* RegisterModelProtocol.swift */,
			);
			path = RegistrationScreen;
			sourceTree = "<group>";
		};
		DEF3570C2BAA114C00FD27EC /* MainScreen */ = {
			isa = PBXGroup;
			children = (
				DEC4A3062BC5F95B007A582E /* Views */,
				DE69024F2BC3161100F16DDA /* MainScreenViewModel.swift */,
			);
			path = MainScreen;
			sourceTree = "<group>";
		};
		DEF357162BACD58300FD27EC /* LifeCycle */ = {
			isa = PBXGroup;
			children = (
				DEF356F42BA4595700FD27EC /* swiftlint-2.yml */,
				DEF356DF2BA448A700FD27EC /* AppDelegate.swift */,
				DEF356E12BA448A700FD27EC /* SceneDelegate.swift */,
			);
			path = LifeCycle;
			sourceTree = "<group>";
		};
		DEF3571B2BACE7D800FD27EC /* UserService */ = {
			isa = PBXGroup;
			children = (
				DEACC11C2BE7C62B00402945 /* AlertManager.swift */,
				DEF3571E2BACE82700FD27EC /* UserService.swift */,
				DEACC1172BE7C0BD00402945 /* AuthService.swift */,
			);
			path = UserService;
			sourceTree = "<group>";
		};
/* End PBXGroup section */

/* Begin PBXNativeTarget section */
		DEF356DB2BA448A700FD27EC /* NavigateU */ = {
			isa = PBXNativeTarget;
			buildConfigurationList = DEF356F02BA448A900FD27EC /* Build configuration list for PBXNativeTarget "NavigateU" */;
			buildPhases = (
				7735099DC74ADFA6FCCCE14A /* [CP] Check Pods Manifest.lock */,
				DEF356D82BA448A700FD27EC /* Sources */,
				DEF356D92BA448A700FD27EC /* Frameworks */,
				DEF356DA2BA448A700FD27EC /* Resources */,
				DEF356F32BA457C300FD27EC /* Swiftlint */,
				C2E62D4949900AC8964F4669 /* [CP] Embed Pods Frameworks */,
			);
			buildRules = (
			);
			dependencies = (
			);
			name = NavigateU;
			packageProductDependencies = (
				DEACC10F2BE7A60B00402945 /* FirebaseAuth */,
				DEACC1112BE7A60B00402945 /* FirebaseDatabase */,
				DEACC1132BE7A60B00402945 /* FirebaseDatabaseSwift */,
				DEACC1152BE7A60B00402945 /* FirebaseFirestore */,
				DEACC1372BEB544400402945 /* Alamofire */,
				DEACC1392BEB544400402945 /* AlamofireDynamic */,
			);
			productName = NavigateU;
			productReference = DEF356DC2BA448A700FD27EC /* NavigateU.app */;
			productType = "com.apple.product-type.application";
		};
/* End PBXNativeTarget section */

/* Begin PBXProject section */
		DEF356D42BA448A700FD27EC /* Project object */ = {
			isa = PBXProject;
			attributes = {
				BuildIndependentTargetsInParallel = 1;
				LastSwiftUpdateCheck = 1530;
				LastUpgradeCheck = 1530;
				TargetAttributes = {
					DEF356DB2BA448A700FD27EC = {
						CreatedOnToolsVersion = 15.3;
					};
				};
			};
			buildConfigurationList = DEF356D72BA448A700FD27EC /* Build configuration list for PBXProject "NavigateU" */;
			compatibilityVersion = "Xcode 14.0";
			developmentRegion = en;
			hasScannedForEncodings = 0;
			knownRegions = (
				en,
				Base,
			);
			mainGroup = DEF356D32BA448A700FD27EC;
			packageReferences = (
				DEACC10E2BE7A60B00402945 /* XCRemoteSwiftPackageReference "firebase-ios-sdk" */,
				DEACC1362BEB544400402945 /* XCRemoteSwiftPackageReference "Alamofire" */,
			);
			productRefGroup = DEF356DD2BA448A700FD27EC /* Products */;
			projectDirPath = "";
			projectRoot = "";
			targets = (
				DEF356DB2BA448A700FD27EC /* NavigateU */,
			);
		};
/* End PBXProject section */

/* Begin PBXResourcesBuildPhase section */
		DEF356DA2BA448A700FD27EC /* Resources */ = {
			isa = PBXResourcesBuildPhase;
			buildActionMask = 2147483647;
			files = (
				DEF356E92BA448A900FD27EC /* Assets.xcassets in Resources */,
				DEACC10D2BE79E2E00402945 /* GoogleService-Info.plist in Resources */,
				DEF356F52BA4595700FD27EC /* swiftlint-2.yml in Resources */,
				DEF356EC2BA448A900FD27EC /* Base in Resources */,
			);
			runOnlyForDeploymentPostprocessing = 0;
		};
/* End PBXResourcesBuildPhase section */

/* Begin PBXShellScriptBuildPhase section */
		7735099DC74ADFA6FCCCE14A /* [CP] Check Pods Manifest.lock */ = {
			isa = PBXShellScriptBuildPhase;
			buildActionMask = 2147483647;
			files = (
			);
			inputFileListPaths = (
			);
			inputPaths = (
				"${PODS_PODFILE_DIR_PATH}/Podfile.lock",
				"${PODS_ROOT}/Manifest.lock",
			);
			name = "[CP] Check Pods Manifest.lock";
			outputFileListPaths = (
			);
			outputPaths = (
				"$(DERIVED_FILE_DIR)/Pods-NavigateU-checkManifestLockResult.txt",
			);
			runOnlyForDeploymentPostprocessing = 0;
			shellPath = /bin/sh;
			shellScript = "diff \"${PODS_PODFILE_DIR_PATH}/Podfile.lock\" \"${PODS_ROOT}/Manifest.lock\" > /dev/null\nif [ $? != 0 ] ; then\n    # print error to STDERR\n    echo \"error: The sandbox is not in sync with the Podfile.lock. Run 'pod install' or update your CocoaPods installation.\" >&2\n    exit 1\nfi\n# This output is used by Xcode 'outputs' to avoid re-running this script phase.\necho \"SUCCESS\" > \"${SCRIPT_OUTPUT_FILE_0}\"\n";
			showEnvVarsInLog = 0;
		};
		C2E62D4949900AC8964F4669 /* [CP] Embed Pods Frameworks */ = {
			isa = PBXShellScriptBuildPhase;
			buildActionMask = 2147483647;
			files = (
			);
			inputFileListPaths = (
				"${PODS_ROOT}/Target Support Files/Pods-NavigateU/Pods-NavigateU-frameworks-${CONFIGURATION}-input-files.xcfilelist",
			);
			name = "[CP] Embed Pods Frameworks";
			outputFileListPaths = (
				"${PODS_ROOT}/Target Support Files/Pods-NavigateU/Pods-NavigateU-frameworks-${CONFIGURATION}-output-files.xcfilelist",
			);
			runOnlyForDeploymentPostprocessing = 0;
			shellPath = /bin/sh;
			shellScript = "\"${PODS_ROOT}/Target Support Files/Pods-NavigateU/Pods-NavigateU-frameworks.sh\"\n";
			showEnvVarsInLog = 0;
		};
		DEF356F32BA457C300FD27EC /* Swiftlint */ = {
			isa = PBXShellScriptBuildPhase;
			buildActionMask = 2147483647;
			files = (
			);
			inputFileListPaths = (
			);
			inputPaths = (
			);
			name = Swiftlint;
			outputFileListPaths = (
			);
			outputPaths = (
			);
			runOnlyForDeploymentPostprocessing = 0;
			shellPath = /bin/sh;
			shellScript = "\"${PODS_ROOT}/SwiftLint/swiftlint\"\n\n";
		};
/* End PBXShellScriptBuildPhase section */

/* Begin PBXSourcesBuildPhase section */
		DEF356D82BA448A700FD27EC /* Sources */ = {
			isa = PBXSourcesBuildPhase;
			buildActionMask = 2147483647;
			files = (
				DEACC11D2BE7C62B00402945 /* AlertManager.swift in Sources */,
				DEACC12B2BEABBE100402945 /* CreateArticleViewController.swift in Sources */,
				DEF3571F2BACE82700FD27EC /* UserService.swift in Sources */,
				DE910A3D2BD1DFAE00B3935E /* MainModuleBuider.swift in Sources */,
				DE910A3A2BD1D7EB00B3935E /* MainViewState.swift in Sources */,
				DE62EF072C00D9FD00E6F95A /* DocumentRemoteDataSource.swift in Sources */,
				DEF356E42BA448A700FD27EC /* LoginViewController.swift in Sources */,
				DE910A412BD1E5B100B3935E /* ViewModelProtocol.swift in Sources */,
				DEACC1292BEABBC600402945 /* FavArticleViewController.swift in Sources */,
				DEACC1222BE974AA00402945 /* RegisterModelProtocol.swift in Sources */,
				DEACC11B2BE7C27900402945 /* RegistrationModel.swift in Sources */,
				DE910A442BD1F00C00B3935E /* EnumError.swift in Sources */,
				DE69024C2BC0A25500F16DDA /* AuthFlowCoordinator.swift in Sources */,
				DEACC1352BEAC63200402945 /* Article.swift in Sources */,
				DE445C5E2C036BB2001B6D7C /* DocumentViewController.swift in Sources */,
				DE910A3F2BD1E09C00B3935E /* MainViewIntent.swift in Sources */,
				DEACC1202BE96E7500402945 /* RegisterViewState.swift in Sources */,
				DE83F24F2BCC952F005F0A0C /* Profile.swift in Sources */,
				DEF357092BA78EE700FD27EC /* HomeScreenViewController.swift in Sources */,
				DEF356E02BA448A700FD27EC /* AppDelegate.swift in Sources */,
				DE6902522BC31FC300F16DDA /* Content.swift in Sources */,
				DEACC1312BEAC19C00402945 /* DocumentView.swift in Sources */,
				DEF3570E2BAA117B00FD27EC /* RegistrationScreenView.swift in Sources */,
				DEF3570B2BA78EFD00FD27EC /* HomeScreenView.swift in Sources */,
				DEF357182BACD5F700FD27EC /* MainScreenViewController.swift in Sources */,
				DED80E112BC941EF00526733 /* ProfileViewController.swift in Sources */,
				DEF357032BA6214A00FD27EC /* LoginView.swift in Sources */,
				DEF357012BA61BCA00FD27EC /* User.swift in Sources */,
				DED80E142BC9420E00526733 /* ProfileView.swift in Sources */,
				DE69024E2BC3152600F16DDA /* MainTableViewCell.swift in Sources */,
				DE6902502BC3161100F16DDA /* MainScreenViewModel.swift in Sources */,
				DE83F2512BCD62BB005F0A0C /* TabBarViewController.swift in Sources */,
				DED80E162BC9422800526733 /* ProfileTableViewCell.swift in Sources */,
				DE62EF042BFF430D00E6F95A /* RegisterIntent.swift in Sources */,
				DEF356FC2BA618F400FD27EC /* LoginViewModel.swift in Sources */,
				DEF357102BAA119200FD27EC /* RegistrationScreenViewController.swift in Sources */,
				DED80E182BC9423F00526733 /* ProfileViewModel.swift in Sources */,
				DEF357072BA78ECA00FD27EC /* HomeDesignView.swift in Sources */,
				DEACC1182BE7C0BD00402945 /* AuthService.swift in Sources */,
				DEF356E22BA448A700FD27EC /* SceneDelegate.swift in Sources */,
				DEF3571A2BACD60900FD27EC /* MainScreenView.swift in Sources */,
			);
			runOnlyForDeploymentPostprocessing = 0;
		};
/* End PBXSourcesBuildPhase section */

/* Begin PBXVariantGroup section */
		DEF356EA2BA448A900FD27EC /* LaunchScreen.storyboard */ = {
			isa = PBXVariantGroup;
			children = (
				DEF356EB2BA448A900FD27EC /* Base */,
			);
			name = LaunchScreen.storyboard;
			sourceTree = "<group>";
		};
/* End PBXVariantGroup section */

/* Begin XCBuildConfiguration section */
		DEF356EE2BA448A900FD27EC /* Debug */ = {
			isa = XCBuildConfiguration;
			buildSettings = {
				ALWAYS_SEARCH_USER_PATHS = NO;
				ASSETCATALOG_COMPILER_GENERATE_SWIFT_ASSET_SYMBOL_EXTENSIONS = YES;
				CLANG_ANALYZER_NONNULL = YES;
				CLANG_ANALYZER_NUMBER_OBJECT_CONVERSION = YES_AGGRESSIVE;
				CLANG_CXX_LANGUAGE_STANDARD = "gnu++20";
				CLANG_ENABLE_MODULES = YES;
				CLANG_ENABLE_OBJC_ARC = YES;
				CLANG_ENABLE_OBJC_WEAK = YES;
				CLANG_WARN_BLOCK_CAPTURE_AUTORELEASING = YES;
				CLANG_WARN_BOOL_CONVERSION = YES;
				CLANG_WARN_COMMA = YES;
				CLANG_WARN_CONSTANT_CONVERSION = YES;
				CLANG_WARN_DEPRECATED_OBJC_IMPLEMENTATIONS = YES;
				CLANG_WARN_DIRECT_OBJC_ISA_USAGE = YES_ERROR;
				CLANG_WARN_DOCUMENTATION_COMMENTS = YES;
				CLANG_WARN_EMPTY_BODY = YES;
				CLANG_WARN_ENUM_CONVERSION = YES;
				CLANG_WARN_INFINITE_RECURSION = YES;
				CLANG_WARN_INT_CONVERSION = YES;
				CLANG_WARN_NON_LITERAL_NULL_CONVERSION = YES;
				CLANG_WARN_OBJC_IMPLICIT_RETAIN_SELF = YES;
				CLANG_WARN_OBJC_LITERAL_CONVERSION = YES;
				CLANG_WARN_OBJC_ROOT_CLASS = YES_ERROR;
				CLANG_WARN_QUOTED_INCLUDE_IN_FRAMEWORK_HEADER = YES;
				CLANG_WARN_RANGE_LOOP_ANALYSIS = YES;
				CLANG_WARN_STRICT_PROTOTYPES = YES;
				CLANG_WARN_SUSPICIOUS_MOVE = YES;
				CLANG_WARN_UNGUARDED_AVAILABILITY = YES_AGGRESSIVE;
				CLANG_WARN_UNREACHABLE_CODE = YES;
				CLANG_WARN__DUPLICATE_METHOD_MATCH = YES;
				COPY_PHASE_STRIP = NO;
				DEBUG_INFORMATION_FORMAT = dwarf;
				ENABLE_STRICT_OBJC_MSGSEND = YES;
				ENABLE_TESTABILITY = YES;
				ENABLE_USER_SCRIPT_SANDBOXING = NO;
				GCC_C_LANGUAGE_STANDARD = gnu17;
				GCC_DYNAMIC_NO_PIC = NO;
				GCC_NO_COMMON_BLOCKS = YES;
				GCC_OPTIMIZATION_LEVEL = 0;
				GCC_PREPROCESSOR_DEFINITIONS = (
					"DEBUG=1",
					"$(inherited)",
				);
				GCC_WARN_64_TO_32_BIT_CONVERSION = YES;
				GCC_WARN_ABOUT_RETURN_TYPE = YES_ERROR;
				GCC_WARN_UNDECLARED_SELECTOR = YES;
				GCC_WARN_UNINITIALIZED_AUTOS = YES_AGGRESSIVE;
				GCC_WARN_UNUSED_FUNCTION = YES;
				GCC_WARN_UNUSED_VARIABLE = YES;
				IPHONEOS_DEPLOYMENT_TARGET = 17.4;
				LOCALIZATION_PREFERS_STRING_CATALOGS = YES;
				MTL_ENABLE_DEBUG_INFO = INCLUDE_SOURCE;
				MTL_FAST_MATH = YES;
				ONLY_ACTIVE_ARCH = YES;
				SDKROOT = iphoneos;
				SWIFT_ACTIVE_COMPILATION_CONDITIONS = "DEBUG $(inherited)";
				SWIFT_OPTIMIZATION_LEVEL = "-Onone";
			};
			name = Debug;
		};
		DEF356EF2BA448A900FD27EC /* Release */ = {
			isa = XCBuildConfiguration;
			buildSettings = {
				ALWAYS_SEARCH_USER_PATHS = NO;
				ASSETCATALOG_COMPILER_GENERATE_SWIFT_ASSET_SYMBOL_EXTENSIONS = YES;
				CLANG_ANALYZER_NONNULL = YES;
				CLANG_ANALYZER_NUMBER_OBJECT_CONVERSION = YES_AGGRESSIVE;
				CLANG_CXX_LANGUAGE_STANDARD = "gnu++20";
				CLANG_ENABLE_MODULES = YES;
				CLANG_ENABLE_OBJC_ARC = YES;
				CLANG_ENABLE_OBJC_WEAK = YES;
				CLANG_WARN_BLOCK_CAPTURE_AUTORELEASING = YES;
				CLANG_WARN_BOOL_CONVERSION = YES;
				CLANG_WARN_COMMA = YES;
				CLANG_WARN_CONSTANT_CONVERSION = YES;
				CLANG_WARN_DEPRECATED_OBJC_IMPLEMENTATIONS = YES;
				CLANG_WARN_DIRECT_OBJC_ISA_USAGE = YES_ERROR;
				CLANG_WARN_DOCUMENTATION_COMMENTS = YES;
				CLANG_WARN_EMPTY_BODY = YES;
				CLANG_WARN_ENUM_CONVERSION = YES;
				CLANG_WARN_INFINITE_RECURSION = YES;
				CLANG_WARN_INT_CONVERSION = YES;
				CLANG_WARN_NON_LITERAL_NULL_CONVERSION = YES;
				CLANG_WARN_OBJC_IMPLICIT_RETAIN_SELF = YES;
				CLANG_WARN_OBJC_LITERAL_CONVERSION = YES;
				CLANG_WARN_OBJC_ROOT_CLASS = YES_ERROR;
				CLANG_WARN_QUOTED_INCLUDE_IN_FRAMEWORK_HEADER = YES;
				CLANG_WARN_RANGE_LOOP_ANALYSIS = YES;
				CLANG_WARN_STRICT_PROTOTYPES = YES;
				CLANG_WARN_SUSPICIOUS_MOVE = YES;
				CLANG_WARN_UNGUARDED_AVAILABILITY = YES_AGGRESSIVE;
				CLANG_WARN_UNREACHABLE_CODE = YES;
				CLANG_WARN__DUPLICATE_METHOD_MATCH = YES;
				COPY_PHASE_STRIP = NO;
				DEBUG_INFORMATION_FORMAT = "dwarf-with-dsym";
				ENABLE_NS_ASSERTIONS = NO;
				ENABLE_STRICT_OBJC_MSGSEND = YES;
				ENABLE_USER_SCRIPT_SANDBOXING = NO;
				GCC_C_LANGUAGE_STANDARD = gnu17;
				GCC_NO_COMMON_BLOCKS = YES;
				GCC_WARN_64_TO_32_BIT_CONVERSION = YES;
				GCC_WARN_ABOUT_RETURN_TYPE = YES_ERROR;
				GCC_WARN_UNDECLARED_SELECTOR = YES;
				GCC_WARN_UNINITIALIZED_AUTOS = YES_AGGRESSIVE;
				GCC_WARN_UNUSED_FUNCTION = YES;
				GCC_WARN_UNUSED_VARIABLE = YES;
				IPHONEOS_DEPLOYMENT_TARGET = 17.4;
				LOCALIZATION_PREFERS_STRING_CATALOGS = YES;
				MTL_ENABLE_DEBUG_INFO = NO;
				MTL_FAST_MATH = YES;
				SDKROOT = iphoneos;
				SWIFT_COMPILATION_MODE = wholemodule;
				VALIDATE_PRODUCT = YES;
			};
			name = Release;
		};
		DEF356F12BA448A900FD27EC /* Debug */ = {
			isa = XCBuildConfiguration;
			baseConfigurationReference = 91A9BE21E2BFB498F85D42B7 /* Pods-NavigateU.debug.xcconfig */;
			buildSettings = {
				ASSETCATALOG_COMPILER_APPICON_NAME = AppIcon;
				ASSETCATALOG_COMPILER_GLOBAL_ACCENT_COLOR_NAME = AccentColor;
				CODE_SIGN_STYLE = Automatic;
				CURRENT_PROJECT_VERSION = 1;
				ENABLE_USER_SCRIPT_SANDBOXING = NO;
				GENERATE_INFOPLIST_FILE = YES;
				INFOPLIST_FILE = NavigateU/Info.plist;
				INFOPLIST_KEY_UIApplicationSupportsIndirectInputEvents = YES;
				INFOPLIST_KEY_UILaunchStoryboardName = LaunchScreen;
				INFOPLIST_KEY_UISupportedInterfaceOrientations_iPad = "UIInterfaceOrientationPortrait UIInterfaceOrientationPortraitUpsideDown UIInterfaceOrientationLandscapeLeft UIInterfaceOrientationLandscapeRight";
				INFOPLIST_KEY_UISupportedInterfaceOrientations_iPhone = "UIInterfaceOrientationPortrait UIInterfaceOrientationLandscapeLeft UIInterfaceOrientationLandscapeRight";
				IPHONEOS_DEPLOYMENT_TARGET = 17.2;
				LD_RUNPATH_SEARCH_PATHS = (
					"$(inherited)",
					"@executable_path/Frameworks",
				);
				MARKETING_VERSION = 1.0;
				PRODUCT_BUNDLE_IDENTIFIER = com.example.NavigateU;
				PRODUCT_NAME = "$(TARGET_NAME)";
				SWIFT_COMPILATION_MODE = wholemodule;
				SWIFT_EMIT_LOC_STRINGS = YES;
				SWIFT_VERSION = 5.0;
				TARGETED_DEVICE_FAMILY = "1,2";
			};
			name = Debug;
		};
		DEF356F22BA448A900FD27EC /* Release */ = {
			isa = XCBuildConfiguration;
			baseConfigurationReference = E97002346D4B3FD5965E70A0 /* Pods-NavigateU.release.xcconfig */;
			buildSettings = {
				ASSETCATALOG_COMPILER_APPICON_NAME = AppIcon;
				ASSETCATALOG_COMPILER_GLOBAL_ACCENT_COLOR_NAME = AccentColor;
				CODE_SIGN_STYLE = Automatic;
				CURRENT_PROJECT_VERSION = 1;
				ENABLE_USER_SCRIPT_SANDBOXING = NO;
				GENERATE_INFOPLIST_FILE = YES;
				INFOPLIST_FILE = NavigateU/Info.plist;
				INFOPLIST_KEY_UIApplicationSupportsIndirectInputEvents = YES;
				INFOPLIST_KEY_UILaunchStoryboardName = LaunchScreen;
				INFOPLIST_KEY_UISupportedInterfaceOrientations_iPad = "UIInterfaceOrientationPortrait UIInterfaceOrientationPortraitUpsideDown UIInterfaceOrientationLandscapeLeft UIInterfaceOrientationLandscapeRight";
				INFOPLIST_KEY_UISupportedInterfaceOrientations_iPhone = "UIInterfaceOrientationPortrait UIInterfaceOrientationLandscapeLeft UIInterfaceOrientationLandscapeRight";
				IPHONEOS_DEPLOYMENT_TARGET = 17.2;
				LD_RUNPATH_SEARCH_PATHS = (
					"$(inherited)",
					"@executable_path/Frameworks",
				);
				MARKETING_VERSION = 1.0;
				PRODUCT_BUNDLE_IDENTIFIER = com.example.NavigateU;
				PRODUCT_NAME = "$(TARGET_NAME)";
				SWIFT_EMIT_LOC_STRINGS = YES;
				SWIFT_VERSION = 5.0;
				TARGETED_DEVICE_FAMILY = "1,2";
			};
			name = Release;
		};
/* End XCBuildConfiguration section */

/* Begin XCConfigurationList section */
		DEF356D72BA448A700FD27EC /* Build configuration list for PBXProject "NavigateU" */ = {
			isa = XCConfigurationList;
			buildConfigurations = (
				DEF356EE2BA448A900FD27EC /* Debug */,
				DEF356EF2BA448A900FD27EC /* Release */,
			);
			defaultConfigurationIsVisible = 0;
			defaultConfigurationName = Release;
		};
		DEF356F02BA448A900FD27EC /* Build configuration list for PBXNativeTarget "NavigateU" */ = {
			isa = XCConfigurationList;
			buildConfigurations = (
				DEF356F12BA448A900FD27EC /* Debug */,
				DEF356F22BA448A900FD27EC /* Release */,
			);
			defaultConfigurationIsVisible = 0;
			defaultConfigurationName = Release;
		};
/* End XCConfigurationList section */

/* Begin XCRemoteSwiftPackageReference section */
		DEACC10E2BE7A60B00402945 /* XCRemoteSwiftPackageReference "firebase-ios-sdk" */ = {
			isa = XCRemoteSwiftPackageReference;
			repositoryURL = "https://github.com/firebase/firebase-ios-sdk";
			requirement = {
				kind = upToNextMajorVersion;
				minimumVersion = 10.25.0;
			};
		};
		DEACC1362BEB544400402945 /* XCRemoteSwiftPackageReference "Alamofire" */ = {
			isa = XCRemoteSwiftPackageReference;
			repositoryURL = "https://github.com/Alamofire/Alamofire.git";
			requirement = {
				kind = upToNextMajorVersion;
				minimumVersion = 5.9.1;
			};
		};
/* End XCRemoteSwiftPackageReference section */

/* Begin XCSwiftPackageProductDependency section */
		DEACC10F2BE7A60B00402945 /* FirebaseAuth */ = {
			isa = XCSwiftPackageProductDependency;
			package = DEACC10E2BE7A60B00402945 /* XCRemoteSwiftPackageReference "firebase-ios-sdk" */;
			productName = FirebaseAuth;
		};
		DEACC1112BE7A60B00402945 /* FirebaseDatabase */ = {
			isa = XCSwiftPackageProductDependency;
			package = DEACC10E2BE7A60B00402945 /* XCRemoteSwiftPackageReference "firebase-ios-sdk" */;
			productName = FirebaseDatabase;
		};
		DEACC1132BE7A60B00402945 /* FirebaseDatabaseSwift */ = {
			isa = XCSwiftPackageProductDependency;
			package = DEACC10E2BE7A60B00402945 /* XCRemoteSwiftPackageReference "firebase-ios-sdk" */;
			productName = FirebaseDatabaseSwift;
		};
		DEACC1152BE7A60B00402945 /* FirebaseFirestore */ = {
			isa = XCSwiftPackageProductDependency;
			package = DEACC10E2BE7A60B00402945 /* XCRemoteSwiftPackageReference "firebase-ios-sdk" */;
			productName = FirebaseFirestore;
		};
		DEACC1372BEB544400402945 /* Alamofire */ = {
			isa = XCSwiftPackageProductDependency;
			package = DEACC1362BEB544400402945 /* XCRemoteSwiftPackageReference "Alamofire" */;
			productName = Alamofire;
		};
		DEACC1392BEB544400402945 /* AlamofireDynamic */ = {
			isa = XCSwiftPackageProductDependency;
			package = DEACC1362BEB544400402945 /* XCRemoteSwiftPackageReference "Alamofire" */;
			productName = AlamofireDynamic;
		};
/* End XCSwiftPackageProductDependency section */
	};
	rootObject = DEF356D42BA448A700FD27EC /* Project object */;
}
