// !$*UTF8*$!
{
	archiveVersion = 1;
	classes = {
	};
	objectVersion = 56;
	objects = {

/* Begin PBXBuildFile section */
		DEF356E02BA448A700FD27EC /* AppDelegate.swift in Sources */ = {isa = PBXBuildFile; fileRef = DEF356DF2BA448A700FD27EC /* AppDelegate.swift */; };
		DEF356E22BA448A700FD27EC /* SceneDelegate.swift in Sources */ = {isa = PBXBuildFile; fileRef = DEF356E12BA448A700FD27EC /* SceneDelegate.swift */; };
		DEF356E42BA448A700FD27EC /* LoginViewController.swift in Sources */ = {isa = PBXBuildFile; fileRef = DEF356E32BA448A700FD27EC /* LoginViewController.swift */; };
		DEF356E92BA448A900FD27EC /* Assets.xcassets in Resources */ = {isa = PBXBuildFile; fileRef = DEF356E82BA448A900FD27EC /* Assets.xcassets */; };
		DEF356EC2BA448A900FD27EC /* Base in Resources */ = {isa = PBXBuildFile; fileRef = DEF356EB2BA448A900FD27EC /* Base */; };
		DEF356F52BA4595700FD27EC /* swiftlint-2.yml in Resources */ = {isa = PBXBuildFile; fileRef = DEF356F42BA4595700FD27EC /* swiftlint-2.yml */; };
		DEF356FC2BA618F400FD27EC /* LoginViewModel.swift in Sources */ = {isa = PBXBuildFile; fileRef = DEF356FB2BA618F400FD27EC /* LoginViewModel.swift */; };
		DEF357012BA61BCA00FD27EC /* User.swift in Sources */ = {isa = PBXBuildFile; fileRef = DEF357002BA61BCA00FD27EC /* User.swift */; };
		DEF357032BA6214A00FD27EC /* LoginView.swift in Sources */ = {isa = PBXBuildFile; fileRef = DEF357022BA6214A00FD27EC /* LoginView.swift */; };
		DEF357072BA78ECA00FD27EC /* HomeDesignView.swift in Sources */ = {isa = PBXBuildFile; fileRef = DEF357062BA78ECA00FD27EC /* HomeDesignView.swift */; };
		DEF357092BA78EE700FD27EC /* HomeScreenViewController.swift in Sources */ = {isa = PBXBuildFile; fileRef = DEF357082BA78EE700FD27EC /* HomeScreenViewController.swift */; };
		DEF3570B2BA78EFD00FD27EC /* HomeScreenView.swift in Sources */ = {isa = PBXBuildFile; fileRef = DEF3570A2BA78EFD00FD27EC /* HomeScreenView.swift */; };
		F31BC182647B47C9DDAF7049 /* Pods_NavigateU.framework in Frameworks */ = {isa = PBXBuildFile; fileRef = 5148FBA7DF920FD03AFF84A8 /* Pods_NavigateU.framework */; };
/* End PBXBuildFile section */

/* Begin PBXFileReference section */
		5148FBA7DF920FD03AFF84A8 /* Pods_NavigateU.framework */ = {isa = PBXFileReference; explicitFileType = wrapper.framework; includeInIndex = 0; path = Pods_NavigateU.framework; sourceTree = BUILT_PRODUCTS_DIR; };
		91A9BE21E2BFB498F85D42B7 /* Pods-NavigateU.debug.xcconfig */ = {isa = PBXFileReference; includeInIndex = 1; lastKnownFileType = text.xcconfig; name = "Pods-NavigateU.debug.xcconfig"; path = "Target Support Files/Pods-NavigateU/Pods-NavigateU.debug.xcconfig"; sourceTree = "<group>"; };
		DEF356DC2BA448A700FD27EC /* NavigateU.app */ = {isa = PBXFileReference; explicitFileType = wrapper.application; includeInIndex = 0; path = NavigateU.app; sourceTree = BUILT_PRODUCTS_DIR; };
		DEF356DF2BA448A700FD27EC /* AppDelegate.swift */ = {isa = PBXFileReference; lastKnownFileType = sourcecode.swift; path = AppDelegate.swift; sourceTree = "<group>"; };
		DEF356E12BA448A700FD27EC /* SceneDelegate.swift */ = {isa = PBXFileReference; lastKnownFileType = sourcecode.swift; path = SceneDelegate.swift; sourceTree = "<group>"; };
		DEF356E32BA448A700FD27EC /* LoginViewController.swift */ = {isa = PBXFileReference; lastKnownFileType = sourcecode.swift; path = LoginViewController.swift; sourceTree = "<group>"; };
		DEF356E82BA448A900FD27EC /* Assets.xcassets */ = {isa = PBXFileReference; lastKnownFileType = folder.assetcatalog; path = Assets.xcassets; sourceTree = "<group>"; };
		DEF356EB2BA448A900FD27EC /* Base */ = {isa = PBXFileReference; lastKnownFileType = file.storyboard; name = Base; path = Base.lproj/LaunchScreen.storyboard; sourceTree = "<group>"; };
		DEF356ED2BA448A900FD27EC /* Info.plist */ = {isa = PBXFileReference; lastKnownFileType = text.plist.xml; path = Info.plist; sourceTree = "<group>"; };
		DEF356F42BA4595700FD27EC /* swiftlint-2.yml */ = {isa = PBXFileReference; fileEncoding = 4; lastKnownFileType = text.yaml; path = "swiftlint-2.yml"; sourceTree = "<group>"; };
		DEF356FB2BA618F400FD27EC /* LoginViewModel.swift */ = {isa = PBXFileReference; lastKnownFileType = sourcecode.swift; path = LoginViewModel.swift; sourceTree = "<group>"; };
		DEF357002BA61BCA00FD27EC /* User.swift */ = {isa = PBXFileReference; lastKnownFileType = sourcecode.swift; path = User.swift; sourceTree = "<group>"; };
		DEF357022BA6214A00FD27EC /* LoginView.swift */ = {isa = PBXFileReference; lastKnownFileType = sourcecode.swift; path = LoginView.swift; sourceTree = "<group>"; };
		DEF357062BA78ECA00FD27EC /* HomeDesignView.swift */ = {isa = PBXFileReference; lastKnownFileType = sourcecode.swift; path = HomeDesignView.swift; sourceTree = "<group>"; };
		DEF357082BA78EE700FD27EC /* HomeScreenViewController.swift */ = {isa = PBXFileReference; lastKnownFileType = sourcecode.swift; path = HomeScreenViewController.swift; sourceTree = "<group>"; };
		DEF3570A2BA78EFD00FD27EC /* HomeScreenView.swift */ = {isa = PBXFileReference; lastKnownFileType = sourcecode.swift; path = HomeScreenView.swift; sourceTree = "<group>"; };
		E97002346D4B3FD5965E70A0 /* Pods-NavigateU.release.xcconfig */ = {isa = PBXFileReference; includeInIndex = 1; lastKnownFileType = text.xcconfig; name = "Pods-NavigateU.release.xcconfig"; path = "Target Support Files/Pods-NavigateU/Pods-NavigateU.release.xcconfig"; sourceTree = "<group>"; };
/* End PBXFileReference section */

/* Begin PBXFrameworksBuildPhase section */
		DEF356D92BA448A700FD27EC /* Frameworks */ = {
			isa = PBXFrameworksBuildPhase;
			buildActionMask = 2147483647;
			files = (
				F31BC182647B47C9DDAF7049 /* Pods_NavigateU.framework in Frameworks */,
			);
			runOnlyForDeploymentPostprocessing = 0;
		};
/* End PBXFrameworksBuildPhase section */

/* Begin PBXGroup section */
		6897664569B5A5395B53131F /* Frameworks */ = {
			isa = PBXGroup;
			children = (
				5148FBA7DF920FD03AFF84A8 /* Pods_NavigateU.framework */,
			);
			name = Frameworks;
			sourceTree = "<group>";
		};
		837A72B42A9720E1DB5BE8CC /* Pods */ = {
			isa = PBXGroup;
			children = (
				91A9BE21E2BFB498F85D42B7 /* Pods-NavigateU.debug.xcconfig */,
				E97002346D4B3FD5965E70A0 /* Pods-NavigateU.release.xcconfig */,
			);
			path = Pods;
			sourceTree = "<group>";
		};
		DEF356D32BA448A700FD27EC = {
			isa = PBXGroup;
			children = (
				DEF356DE2BA448A700FD27EC /* NavigateU */,
				DEF356DD2BA448A700FD27EC /* Products */,
				837A72B42A9720E1DB5BE8CC /* Pods */,
				6897664569B5A5395B53131F /* Frameworks */,
			);
			sourceTree = "<group>";
		};
		DEF356DD2BA448A700FD27EC /* Products */ = {
			isa = PBXGroup;
			children = (
				DEF356DC2BA448A700FD27EC /* NavigateU.app */,
			);
			name = Products;
			sourceTree = "<group>";
		};
		DEF356DE2BA448A700FD27EC /* NavigateU */ = {
			isa = PBXGroup;
			children = (
				DEF356DF2BA448A700FD27EC /* AppDelegate.swift */,
				DEF356E12BA448A700FD27EC /* SceneDelegate.swift */,
				DEF357042BA78E6400FD27EC /* HomeScreen */,
				DEF356F62BA617A400FD27EC /* LoginScreen */,
				DEF357052BA78E6E00FD27EC /* RegistrationScreen */,
				DEF356FF2BA61BB100FD27EC /* Model */,
				DEF356E82BA448A900FD27EC /* Assets.xcassets */,
				DEF356EA2BA448A900FD27EC /* LaunchScreen.storyboard */,
				DEF356F42BA4595700FD27EC /* swiftlint-2.yml */,
				DEF356ED2BA448A900FD27EC /* Info.plist */,
			);
			path = NavigateU;
			sourceTree = "<group>";
		};
		DEF356F62BA617A400FD27EC /* LoginScreen */ = {
			isa = PBXGroup;
			children = (
				DEF356E32BA448A700FD27EC /* LoginViewController.swift */,
				DEF356FB2BA618F400FD27EC /* LoginViewModel.swift */,
				DEF357022BA6214A00FD27EC /* LoginView.swift */,
			);
			path = LoginScreen;
			sourceTree = "<group>";
		};
		DEF356FF2BA61BB100FD27EC /* Model */ = {
			isa = PBXGroup;
			children = (
				DEF357002BA61BCA00FD27EC /* User.swift */,
			);
			path = Model;
			sourceTree = "<group>";
		};
		DEF357042BA78E6400FD27EC /* HomeScreen */ = {
			isa = PBXGroup;
			children = (
				DEF357062BA78ECA00FD27EC /* HomeDesignView.swift */,
				DEF357082BA78EE700FD27EC /* HomeScreenViewController.swift */,
				DEF3570A2BA78EFD00FD27EC /* HomeScreenView.swift */,
			);
			path = HomeScreen;
			sourceTree = "<group>";
		};
		DEF357052BA78E6E00FD27EC /* RegistrationScreen */ = {
			isa = PBXGroup;
			children = (
			);
			path = RegistrationScreen;
			sourceTree = "<group>";
		};
/* End PBXGroup section */

/* Begin PBXNativeTarget section */
		DEF356DB2BA448A700FD27EC /* NavigateU */ = {
			isa = PBXNativeTarget;
			buildConfigurationList = DEF356F02BA448A900FD27EC /* Build configuration list for PBXNativeTarget "NavigateU" */;
			buildPhases = (
				7735099DC74ADFA6FCCCE14A /* [CP] Check Pods Manifest.lock */,
				DEF356D82BA448A700FD27EC /* Sources */,
				DEF356D92BA448A700FD27EC /* Frameworks */,
				DEF356DA2BA448A700FD27EC /* Resources */,
				318B92E77254AB0BF6E905E0 /* [CP] Embed Pods Frameworks */,
				DEF356F32BA457C300FD27EC /* Swiftlint */,
			);
			buildRules = (
			);
			dependencies = (
			);
			name = NavigateU;
			productName = NavigateU;
			productReference = DEF356DC2BA448A700FD27EC /* NavigateU.app */;
			productType = "com.apple.product-type.application";
		};
/* End PBXNativeTarget section */

/* Begin PBXProject section */
		DEF356D42BA448A700FD27EC /* Project object */ = {
			isa = PBXProject;
			attributes = {
				BuildIndependentTargetsInParallel = 1;
				LastSwiftUpdateCheck = 1530;
				LastUpgradeCheck = 1530;
				TargetAttributes = {
					DEF356DB2BA448A700FD27EC = {
						CreatedOnToolsVersion = 15.3;
					};
				};
			};
			buildConfigurationList = DEF356D72BA448A700FD27EC /* Build configuration list for PBXProject "NavigateU" */;
			compatibilityVersion = "Xcode 14.0";
			developmentRegion = en;
			hasScannedForEncodings = 0;
			knownRegions = (
				en,
				Base,
			);
			mainGroup = DEF356D32BA448A700FD27EC;
			productRefGroup = DEF356DD2BA448A700FD27EC /* Products */;
			projectDirPath = "";
			projectRoot = "";
			targets = (
				DEF356DB2BA448A700FD27EC /* NavigateU */,
			);
		};
/* End PBXProject section */

/* Begin PBXResourcesBuildPhase section */
		DEF356DA2BA448A700FD27EC /* Resources */ = {
			isa = PBXResourcesBuildPhase;
			buildActionMask = 2147483647;
			files = (
				DEF356E92BA448A900FD27EC /* Assets.xcassets in Resources */,
				DEF356F52BA4595700FD27EC /* swiftlint-2.yml in Resources */,
				DEF356EC2BA448A900FD27EC /* Base in Resources */,
			);
			runOnlyForDeploymentPostprocessing = 0;
		};
/* End PBXResourcesBuildPhase section */

/* Begin PBXShellScriptBuildPhase section */
		318B92E77254AB0BF6E905E0 /* [CP] Embed Pods Frameworks */ = {
			isa = PBXShellScriptBuildPhase;
			buildActionMask = 2147483647;
			files = (
			);
			inputFileListPaths = (
				"${PODS_ROOT}/Target Support Files/Pods-NavigateU/Pods-NavigateU-frameworks-${CONFIGURATION}-input-files.xcfilelist",
			);
			name = "[CP] Embed Pods Frameworks";
			outputFileListPaths = (
				"${PODS_ROOT}/Target Support Files/Pods-NavigateU/Pods-NavigateU-frameworks-${CONFIGURATION}-output-files.xcfilelist",
			);
			runOnlyForDeploymentPostprocessing = 0;
			shellPath = /bin/sh;
			shellScript = "\"${PODS_ROOT}/Target Support Files/Pods-NavigateU/Pods-NavigateU-frameworks.sh\"\n";
			showEnvVarsInLog = 0;
		};
		7735099DC74ADFA6FCCCE14A /* [CP] Check Pods Manifest.lock */ = {
			isa = PBXShellScriptBuildPhase;
			buildActionMask = 2147483647;
			files = (
			);
			inputFileListPaths = (
			);
			inputPaths = (
				"${PODS_PODFILE_DIR_PATH}/Podfile.lock",
				"${PODS_ROOT}/Manifest.lock",
			);
			name = "[CP] Check Pods Manifest.lock";
			outputFileListPaths = (
			);
			outputPaths = (
				"$(DERIVED_FILE_DIR)/Pods-NavigateU-checkManifestLockResult.txt",
			);
			runOnlyForDeploymentPostprocessing = 0;
			shellPath = /bin/sh;
			shellScript = "diff \"${PODS_PODFILE_DIR_PATH}/Podfile.lock\" \"${PODS_ROOT}/Manifest.lock\" > /dev/null\nif [ $? != 0 ] ; then\n    # print error to STDERR\n    echo \"error: The sandbox is not in sync with the Podfile.lock. Run 'pod install' or update your CocoaPods installation.\" >&2\n    exit 1\nfi\n# This output is used by Xcode 'outputs' to avoid re-running this script phase.\necho \"SUCCESS\" > \"${SCRIPT_OUTPUT_FILE_0}\"\n";
			showEnvVarsInLog = 0;
		};
		DEF356F32BA457C300FD27EC /* Swiftlint */ = {
			isa = PBXShellScriptBuildPhase;
			buildActionMask = 2147483647;
			files = (
			);
			inputFileListPaths = (
			);
			inputPaths = (
			);
			name = Swiftlint;
			outputFileListPaths = (
			);
			outputPaths = (
			);
			runOnlyForDeploymentPostprocessing = 0;
			shellPath = /bin/sh;
			shellScript = "\"${PODS_ROOT}/SwiftLint/swiftlint\"\n\n";
		};
/* End PBXShellScriptBuildPhase section */

/* Begin PBXSourcesBuildPhase section */
		DEF356D82BA448A700FD27EC /* Sources */ = {
			isa = PBXSourcesBuildPhase;
			buildActionMask = 2147483647;
			files = (
				DEF356E42BA448A700FD27EC /* LoginViewController.swift in Sources */,
				DEF357092BA78EE700FD27EC /* HomeScreenViewController.swift in Sources */,
				DEF356E02BA448A700FD27EC /* AppDelegate.swift in Sources */,
				DEF3570B2BA78EFD00FD27EC /* HomeScreenView.swift in Sources */,
				DEF357032BA6214A00FD27EC /* LoginView.swift in Sources */,
				DEF357012BA61BCA00FD27EC /* User.swift in Sources */,
				DEF356FC2BA618F400FD27EC /* LoginViewModel.swift in Sources */,
				DEF357072BA78ECA00FD27EC /* HomeDesignView.swift in Sources */,
				DEF356E22BA448A700FD27EC /* SceneDelegate.swift in Sources */,
			);
			runOnlyForDeploymentPostprocessing = 0;
		};
/* End PBXSourcesBuildPhase section */

/* Begin PBXVariantGroup section */
		DEF356EA2BA448A900FD27EC /* LaunchScreen.storyboard */ = {
			isa = PBXVariantGroup;
			children = (
				DEF356EB2BA448A900FD27EC /* Base */,
			);
			name = LaunchScreen.storyboard;
			sourceTree = "<group>";
		};
/* End PBXVariantGroup section */

/* Begin XCBuildConfiguration section */
		DEF356EE2BA448A900FD27EC /* Debug */ = {
			isa = XCBuildConfiguration;
			buildSettings = {
				ALWAYS_SEARCH_USER_PATHS = NO;
				ASSETCATALOG_COMPILER_GENERATE_SWIFT_ASSET_SYMBOL_EXTENSIONS = YES;
				CLANG_ANALYZER_NONNULL = YES;
				CLANG_ANALYZER_NUMBER_OBJECT_CONVERSION = YES_AGGRESSIVE;
				CLANG_CXX_LANGUAGE_STANDARD = "gnu++20";
				CLANG_ENABLE_MODULES = YES;
				CLANG_ENABLE_OBJC_ARC = YES;
				CLANG_ENABLE_OBJC_WEAK = YES;
				CLANG_WARN_BLOCK_CAPTURE_AUTORELEASING = YES;
				CLANG_WARN_BOOL_CONVERSION = YES;
				CLANG_WARN_COMMA = YES;
				CLANG_WARN_CONSTANT_CONVERSION = YES;
				CLANG_WARN_DEPRECATED_OBJC_IMPLEMENTATIONS = YES;
				CLANG_WARN_DIRECT_OBJC_ISA_USAGE = YES_ERROR;
				CLANG_WARN_DOCUMENTATION_COMMENTS = YES;
				CLANG_WARN_EMPTY_BODY = YES;
				CLANG_WARN_ENUM_CONVERSION = YES;
				CLANG_WARN_INFINITE_RECURSION = YES;
				CLANG_WARN_INT_CONVERSION = YES;
				CLANG_WARN_NON_LITERAL_NULL_CONVERSION = YES;
				CLANG_WARN_OBJC_IMPLICIT_RETAIN_SELF = YES;
				CLANG_WARN_OBJC_LITERAL_CONVERSION = YES;
				CLANG_WARN_OBJC_ROOT_CLASS = YES_ERROR;
				CLANG_WARN_QUOTED_INCLUDE_IN_FRAMEWORK_HEADER = YES;
				CLANG_WARN_RANGE_LOOP_ANALYSIS = YES;
				CLANG_WARN_STRICT_PROTOTYPES = YES;
				CLANG_WARN_SUSPICIOUS_MOVE = YES;
				CLANG_WARN_UNGUARDED_AVAILABILITY = YES_AGGRESSIVE;
				CLANG_WARN_UNREACHABLE_CODE = YES;
				CLANG_WARN__DUPLICATE_METHOD_MATCH = YES;
				COPY_PHASE_STRIP = NO;
				DEBUG_INFORMATION_FORMAT = dwarf;
				ENABLE_STRICT_OBJC_MSGSEND = YES;
				ENABLE_TESTABILITY = YES;
				ENABLE_USER_SCRIPT_SANDBOXING = NO;
				GCC_C_LANGUAGE_STANDARD = gnu17;
				GCC_DYNAMIC_NO_PIC = NO;
				GCC_NO_COMMON_BLOCKS = YES;
				GCC_OPTIMIZATION_LEVEL = 0;
				GCC_PREPROCESSOR_DEFINITIONS = (
					"DEBUG=1",
					"$(inherited)",
				);
				GCC_WARN_64_TO_32_BIT_CONVERSION = YES;
				GCC_WARN_ABOUT_RETURN_TYPE = YES_ERROR;
				GCC_WARN_UNDECLARED_SELECTOR = YES;
				GCC_WARN_UNINITIALIZED_AUTOS = YES_AGGRESSIVE;
				GCC_WARN_UNUSED_FUNCTION = YES;
				GCC_WARN_UNUSED_VARIABLE = YES;
				IPHONEOS_DEPLOYMENT_TARGET = 17.4;
				LOCALIZATION_PREFERS_STRING_CATALOGS = YES;
				MTL_ENABLE_DEBUG_INFO = INCLUDE_SOURCE;
				MTL_FAST_MATH = YES;
				ONLY_ACTIVE_ARCH = YES;
				SDKROOT = iphoneos;
				SWIFT_ACTIVE_COMPILATION_CONDITIONS = "DEBUG $(inherited)";
				SWIFT_OPTIMIZATION_LEVEL = "-Onone";
			};
			name = Debug;
		};
		DEF356EF2BA448A900FD27EC /* Release */ = {
			isa = XCBuildConfiguration;
			buildSettings = {
				ALWAYS_SEARCH_USER_PATHS = NO;
				ASSETCATALOG_COMPILER_GENERATE_SWIFT_ASSET_SYMBOL_EXTENSIONS = YES;
				CLANG_ANALYZER_NONNULL = YES;
				CLANG_ANALYZER_NUMBER_OBJECT_CONVERSION = YES_AGGRESSIVE;
				CLANG_CXX_LANGUAGE_STANDARD = "gnu++20";
				CLANG_ENABLE_MODULES = YES;
				CLANG_ENABLE_OBJC_ARC = YES;
				CLANG_ENABLE_OBJC_WEAK = YES;
				CLANG_WARN_BLOCK_CAPTURE_AUTORELEASING = YES;
				CLANG_WARN_BOOL_CONVERSION = YES;
				CLANG_WARN_COMMA = YES;
				CLANG_WARN_CONSTANT_CONVERSION = YES;
				CLANG_WARN_DEPRECATED_OBJC_IMPLEMENTATIONS = YES;
				CLANG_WARN_DIRECT_OBJC_ISA_USAGE = YES_ERROR;
				CLANG_WARN_DOCUMENTATION_COMMENTS = YES;
				CLANG_WARN_EMPTY_BODY = YES;
				CLANG_WARN_ENUM_CONVERSION = YES;
				CLANG_WARN_INFINITE_RECURSION = YES;
				CLANG_WARN_INT_CONVERSION = YES;
				CLANG_WARN_NON_LITERAL_NULL_CONVERSION = YES;
				CLANG_WARN_OBJC_IMPLICIT_RETAIN_SELF = YES;
				CLANG_WARN_OBJC_LITERAL_CONVERSION = YES;
				CLANG_WARN_OBJC_ROOT_CLASS = YES_ERROR;
				CLANG_WARN_QUOTED_INCLUDE_IN_FRAMEWORK_HEADER = YES;
				CLANG_WARN_RANGE_LOOP_ANALYSIS = YES;
				CLANG_WARN_STRICT_PROTOTYPES = YES;
				CLANG_WARN_SUSPICIOUS_MOVE = YES;
				CLANG_WARN_UNGUARDED_AVAILABILITY = YES_AGGRESSIVE;
				CLANG_WARN_UNREACHABLE_CODE = YES;
				CLANG_WARN__DUPLICATE_METHOD_MATCH = YES;
				COPY_PHASE_STRIP = NO;
				DEBUG_INFORMATION_FORMAT = "dwarf-with-dsym";
				ENABLE_NS_ASSERTIONS = NO;
				ENABLE_STRICT_OBJC_MSGSEND = YES;
				ENABLE_USER_SCRIPT_SANDBOXING = NO;
				GCC_C_LANGUAGE_STANDARD = gnu17;
				GCC_NO_COMMON_BLOCKS = YES;
				GCC_WARN_64_TO_32_BIT_CONVERSION = YES;
				GCC_WARN_ABOUT_RETURN_TYPE = YES_ERROR;
				GCC_WARN_UNDECLARED_SELECTOR = YES;
				GCC_WARN_UNINITIALIZED_AUTOS = YES_AGGRESSIVE;
				GCC_WARN_UNUSED_FUNCTION = YES;
				GCC_WARN_UNUSED_VARIABLE = YES;
				IPHONEOS_DEPLOYMENT_TARGET = 17.4;
				LOCALIZATION_PREFERS_STRING_CATALOGS = YES;
				MTL_ENABLE_DEBUG_INFO = NO;
				MTL_FAST_MATH = YES;
				SDKROOT = iphoneos;
				SWIFT_COMPILATION_MODE = wholemodule;
				VALIDATE_PRODUCT = YES;
			};
			name = Release;
		};
		DEF356F12BA448A900FD27EC /* Debug */ = {
			isa = XCBuildConfiguration;
			baseConfigurationReference = 91A9BE21E2BFB498F85D42B7 /* Pods-NavigateU.debug.xcconfig */;
			buildSettings = {
				ASSETCATALOG_COMPILER_APPICON_NAME = AppIcon;
				ASSETCATALOG_COMPILER_GLOBAL_ACCENT_COLOR_NAME = AccentColor;
				CODE_SIGN_STYLE = Automatic;
				CURRENT_PROJECT_VERSION = 1;
				ENABLE_USER_SCRIPT_SANDBOXING = NO;
				GENERATE_INFOPLIST_FILE = YES;
				INFOPLIST_FILE = NavigateU/Info.plist;
				INFOPLIST_KEY_UIApplicationSupportsIndirectInputEvents = YES;
				INFOPLIST_KEY_UILaunchStoryboardName = LaunchScreen;
				INFOPLIST_KEY_UISupportedInterfaceOrientations_iPad = "UIInterfaceOrientationPortrait UIInterfaceOrientationPortraitUpsideDown UIInterfaceOrientationLandscapeLeft UIInterfaceOrientationLandscapeRight";
				INFOPLIST_KEY_UISupportedInterfaceOrientations_iPhone = "UIInterfaceOrientationPortrait UIInterfaceOrientationLandscapeLeft UIInterfaceOrientationLandscapeRight";
				LD_RUNPATH_SEARCH_PATHS = (
					"$(inherited)",
					"@executable_path/Frameworks",
				);
				MARKETING_VERSION = 1.0;
				PRODUCT_BUNDLE_IDENTIFIER = com.example.NavigateU;
				PRODUCT_NAME = "$(TARGET_NAME)";
				SWIFT_EMIT_LOC_STRINGS = YES;
				SWIFT_VERSION = 5.0;
				TARGETED_DEVICE_FAMILY = "1,2";
			};
			name = Debug;
		};
		DEF356F22BA448A900FD27EC /* Release */ = {
			isa = XCBuildConfiguration;
			baseConfigurationReference = E97002346D4B3FD5965E70A0 /* Pods-NavigateU.release.xcconfig */;
			buildSettings = {
				ASSETCATALOG_COMPILER_APPICON_NAME = AppIcon;
				ASSETCATALOG_COMPILER_GLOBAL_ACCENT_COLOR_NAME = AccentColor;
				CODE_SIGN_STYLE = Automatic;
				CURRENT_PROJECT_VERSION = 1;
				ENABLE_USER_SCRIPT_SANDBOXING = NO;
				GENERATE_INFOPLIST_FILE = YES;
				INFOPLIST_FILE = NavigateU/Info.plist;
				INFOPLIST_KEY_UIApplicationSupportsIndirectInputEvents = YES;
				INFOPLIST_KEY_UILaunchStoryboardName = LaunchScreen;
				INFOPLIST_KEY_UISupportedInterfaceOrientations_iPad = "UIInterfaceOrientationPortrait UIInterfaceOrientationPortraitUpsideDown UIInterfaceOrientationLandscapeLeft UIInterfaceOrientationLandscapeRight";
				INFOPLIST_KEY_UISupportedInterfaceOrientations_iPhone = "UIInterfaceOrientationPortrait UIInterfaceOrientationLandscapeLeft UIInterfaceOrientationLandscapeRight";
				LD_RUNPATH_SEARCH_PATHS = (
					"$(inherited)",
					"@executable_path/Frameworks",
				);
				MARKETING_VERSION = 1.0;
				PRODUCT_BUNDLE_IDENTIFIER = com.example.NavigateU;
				PRODUCT_NAME = "$(TARGET_NAME)";
				SWIFT_EMIT_LOC_STRINGS = YES;
				SWIFT_VERSION = 5.0;
				TARGETED_DEVICE_FAMILY = "1,2";
			};
			name = Release;
		};
/* End XCBuildConfiguration section */

/* Begin XCConfigurationList section */
		DEF356D72BA448A700FD27EC /* Build configuration list for PBXProject "NavigateU" */ = {
			isa = XCConfigurationList;
			buildConfigurations = (
				DEF356EE2BA448A900FD27EC /* Debug */,
				DEF356EF2BA448A900FD27EC /* Release */,
			);
			defaultConfigurationIsVisible = 0;
			defaultConfigurationName = Release;
		};
		DEF356F02BA448A900FD27EC /* Build configuration list for PBXNativeTarget "NavigateU" */ = {
			isa = XCConfigurationList;
			buildConfigurations = (
				DEF356F12BA448A900FD27EC /* Debug */,
				DEF356F22BA448A900FD27EC /* Release */,
			);
			defaultConfigurationIsVisible = 0;
			defaultConfigurationName = Release;
		};
/* End XCConfigurationList section */
	};
	rootObject = DEF356D42BA448A700FD27EC /* Project object */;
}
